github.com/cilium/ebpf v0.0.0-20191024101557-7dc533ea7755 h1:rtv1yoAAvNBtuzv1K7imUJgB0RAF6LC61qUHQ2MZT20=
github.com/cilium/ebpf v0.0.0-20191024101557-7dc533ea7755/go.mod h1:MA5e5Lr8slmEg9bt0VpxxWqJlO4iwu3FBdHUzV7wQVg=
github.com/cilium/ebpf v0.0.0-20191113100448-d9fb101ca1fb h1:bQ0NJ9dAB8vsw7ffajBDX/7Wr64BdLWeJkYY36UkeRY=
github.com/cilium/ebpf v0.0.0-20191113100448-d9fb101ca1fb/go.mod h1:MA5e5Lr8slmEg9bt0VpxxWqJlO4iwu3FBdHUzV7wQVg=
github.com/cloudflare/cbpfc v0.0.0-20191024102745-5470c854fd38 h1:D5rGShqKLHli2Ix0SEzPw9BmYxlD6vHwrXcgBVan+jc=
github.com/cloudflare/cbpfc v0.0.0-20191024102745-5470c854fd38/go.mod h1:wJRgDYys03AoU7bpcBinqBG3oWfBqWfwSTXr0tsU8Bw=
github.com/google/gopacket v1.1.17 h1:rMrlX2ZY2UbvT+sdz3+6J+pp2z+msCq9MxTU6ymxbBY=
github.com/google/gopacket v1.1.17/go.mod h1:UdDNZ1OO62aGYVnPhxT1U6aI7ukYtA/kB8vaU0diBUM=
github.com/pkg/errors v0.8.1 h1:iURUrRGxPUNPdy5/HRSm+Yj6okJ6UtLINN0Q9M4+h3I=
github.com/pkg/errors v0.8.1/go.mod h1:bwawxfHBFNV+L2hUp1rHADufV3IMtnDRdf1r5NINEl0=
golang.org/x/crypto v0.0.0-20190308221718-c2843e01d9a2/go.mod h1:djNgcEr1/C05ACkg1iLfiJU5Ep61QUkGW8qpdssI0+w=
golang.org/x/net v0.0.0-20190320064053-1272bf9dcd53/go.mod h1:t9HGtf8HONx5eT2rtn7q6eTqICYqUVnKs3thJo3Qplg=
golang.org/x/net v0.0.0-20190404232315-eb5bcb51f2a3/go.mod h1:t9HGtf8HONx5eT2rtn7q6eTqICYqUVnKs3thJo3Qplg=
golang.org/x/net v0.0.0-20191112182307-2180aed22343 h1:00ohfJ4K98s3m6BGUoBd8nyfp4Yl0GoIKvw5abItTjI=
golang.org/x/net v0.0.0-20191112182307-2180aed22343/go.mod h1:z5CRVTTTmAJ677TzLLGU+0bjPO0LkuOLi4/5GtJWs/s=
golang.org/x/sys v0.0.0-20190215142949-d0b11bdaac8a/go.mod h1:STP8DvDyc/dI5b8T5hshtkjS+E42TnysNCUPdjciGhY=
golang.org/x/sys v0.0.0-20190405154228-4b34438f7a67/go.mod h1:h1NjWce9XRLGQEsW7wpKNCjG9DtNlClVuFLEZdDNbEs=
golang.org/x/sys v0.0.0-20191022100944-742c48ecaeb7 h1:HmbHVPwrPEKPGLAcHSrMe6+hqSUlvZU0rab6x5EXfGU=
golang.org/x/sys v0.0.0-20191022100944-742c48ecaeb7/go.mod h1:h1NjWce9XRLGQEsW7wpKNCjG9DtNlClVuFLEZdDNbEs=
golang.org/x/sys v0.0.0-20191113165036-4c7a9d0fe056 h1:dHtDnRWQtSx0Hjq9kvKFpBh9uPPKfQN70NZZmvssGwk=
golang.org/x/sys v0.0.0-20191113165036-4c7a9d0fe056/go.mod h1:h1NjWce9XRLGQEsW7wpKNCjG9DtNlClVuFLEZdDNbEs=
golang.org/x/text v0.3.0/go.mod h1:NqM8EUOU14njkJ3fqMW+pc6Ldnwhi/IjpwHt7yyuwOQ=
