github.com/cloudflare/cbpfc v0.0.0-20190603095246-2b23a89706be h1:Xi/zQpt7zJKUECCDu83B96Ddhdo+WIuxygEBsWmBR10=
github.com/cloudflare/cbpfc v0.0.0-20190603095246-2b23a89706be/go.mod h1:KSpWKuMY7u3HQgcCenuqzNnL6klqwRzMufOoPegsohA=
github.com/google/go-cmp v0.2.0 h1:+dTQ8DZQJz0Mb/HjFlkptS1FeQ4cWSnN941F8aEG4SQ=
github.com/google/go-cmp v0.2.0/go.mod h1:oXzfMopK8JAjlY9xF4vHSVASa0yLyX7SntLO5aqRK0M=
github.com/google/gopacket v1.1.16 h1:u6Afvia5C5srlLcbTwpHaFW918asLYPxieziOaWwz8M=
github.com/google/gopacket v1.1.16/go.mod h1:UCLx9mCmAwsVbn6qQl1WIEt2SO7Nd2fD0th1TBAsqBw=
github.com/mdlayher/raw v0.0.0-20190315120451-8be9e99c38b6 h1:kgINN+VxAELWBkaphRanfel8r9iiplOefPa6nuVu91c=
github.com/mdlayher/raw v0.0.0-20190315120451-8be9e99c38b6/go.mod h1:r1fbeITl2xL/zLbVnNHFyOzQJTgr/3fpf1lJX/cjzR8=
github.com/newtools/ebpf v0.0.0-20190313155020-23e0debb6338 h1:68rsjPpj13mbUGhllinENb/lXUBq6dXhlRLf8ymp1oA=
github.com/newtools/ebpf v0.0.0-20190313155020-23e0debb6338/go.mod h1:eopbi8xx7pp0S2g/ce/pgCcfR4krkn8UrC7z2M9qCHI=
github.com/newtools/ebpf v0.0.0-20190528141928-995442b23c95 h1:29BUJA5eXsSYGrAdC+zS9tj8ENKhJoy9dZ7dOYNF2Jk=
github.com/newtools/ebpf v0.0.0-20190528141928-995442b23c95/go.mod h1:H74E4gvXfcsOzgaoPSOuQVoKsWQrg2Xbx6+WybLKvyA=
github.com/pkg/errors v0.8.1 h1:iURUrRGxPUNPdy5/HRSm+Yj6okJ6UtLINN0Q9M4+h3I=
github.com/pkg/errors v0.8.1/go.mod h1:bwawxfHBFNV+L2hUp1rHADufV3IMtnDRdf1r5NINEl0=
golang.org/x/crypto v0.0.0-20190308221718-c2843e01d9a2/go.mod h1:djNgcEr1/C05ACkg1iLfiJU5Ep61QUkGW8qpdssI0+w=
golang.org/x/net v0.0.0-20190313220215-9f648a60d977/go.mod h1:t9HGtf8HONx5eT2rtn7q6eTqICYqUVnKs3thJo3Qplg=
golang.org/x/net v0.0.0-20190320064053-1272bf9dcd53/go.mod h1:t9HGtf8HONx5eT2rtn7q6eTqICYqUVnKs3thJo3Qplg=
golang.org/x/net v0.0.0-20190607181551-461777fb6f67 h1:rJJxsykSlULwd2P2+pg/rtnwN2FrWp4IuCxOSyS0V00=
golang.org/x/net v0.0.0-20190607181551-461777fb6f67/go.mod h1:z5CRVTTTmAJ677TzLLGU+0bjPO0LkuOLi4/5GtJWs/s=
golang.org/x/sys v0.0.0-20190215142949-d0b11bdaac8a/go.mod h1:STP8DvDyc/dI5b8T5hshtkjS+E42TnysNCUPdjciGhY=
golang.org/x/sys v0.0.0-20190312061237-fead79001313/go.mod h1:h1NjWce9XRLGQEsW7wpKNCjG9DtNlClVuFLEZdDNbEs=
golang.org/x/sys v0.0.0-20190502175342-a43fa875dd82/go.mod h1:h1NjWce9XRLGQEsW7wpKNCjG9DtNlClVuFLEZdDNbEs=
golang.org/x/sys v0.0.0-20190608050228-5b15430b70e3 h1:xUZPeCzQtkdgRi9RjXIA+3w3RdyDLPqiaJlza5Fqpog=
golang.org/x/sys v0.0.0-20190608050228-5b15430b70e3/go.mod h1:h1NjWce9XRLGQEsW7wpKNCjG9DtNlClVuFLEZdDNbEs=
golang.org/x/text v0.3.0/go.mod h1:NqM8EUOU14njkJ3fqMW+pc6Ldnwhi/IjpwHt7yyuwOQ=
